
Microsoft Visual Studio Solution File, Format Version 12.00
# Visual Studio 15
VisualStudioVersion = 15.0.27703.2035
MinimumVisualStudioVersion = 10.0.40219.1
Project("{9A19103F-16F7-4668-BE54-9A1E7A4F7556}") = "CashierGlue", "CashierGlue\CashierGlue.csproj", "{02EE403E-1DE5-478F-A97D-7F8C1BC4C398}"
EndProject
Project("{FAE04EC0-301F-11D3-BF4B-00C04F79EFBC}") = "CashierGlueTests", "CashierGlueTests\CashierGlueTests.csproj", "{94F58EB1-944D-448C-84BC-16130E7DC1C1}"
EndProject
Global
	GlobalSection(SolutionConfigurationPlatforms) = preSolution
		Debug|Any CPU = Debug|Any CPU
		Release|Any CPU = Release|Any CPU
	EndGlobalSection
	GlobalSection(ProjectConfigurationPlatforms) = postSolution
		{02EE403E-1DE5-478F-A97D-7F8C1BC4C398}.Debug|Any CPU.ActiveCfg = Debug|Any CPU
		{02EE403E-1DE5-478F-A97D-7F8C1BC4C398}.Debug|Any CPU.Build.0 = Debug|Any CPU
		{02EE403E-1DE5-478F-A97D-7F8C1BC4C398}.Release|Any CPU.ActiveCfg = Release|Any CPU
		{02EE403E-1DE5-478F-A97D-7F8C1BC4C398}.Release|Any CPU.Build.0 = Release|Any CPU
		{94F58EB1-944D-448C-84BC-16130E7DC1C1}.Debug|Any CPU.ActiveCfg = Debug|Any CPU
		{94F58EB1-944D-448C-84BC-16130E7DC1C1}.Debug|Any CPU.Build.0 = Debug|Any CPU
		{94F58EB1-944D-448C-84BC-16130E7DC1C1}.Release|Any CPU.ActiveCfg = Release|Any CPU
		{94F58EB1-944D-448C-84BC-16130E7DC1C1}.Release|Any CPU.Build.0 = Release|Any CPU
	EndGlobalSection
	GlobalSection(SolutionProperties) = preSolution
		HideSolutionNode = FALSE
	EndGlobalSection
	GlobalSection(ExtensibilityGlobals) = postSolution
		SolutionGuid = {F2B0F925-EADE-404B-B5F3-C3EB3DAFD292}
	EndGlobalSection
EndGlobal
